// !$*UTF8*$!
{
	archiveVersion = 1;
	classes = {
	};
	objectVersion = 48;
	objects = {

/* Begin PBXBuildFile section */
		5A789DF9C0013E85A7A7449D /* Pods_booknoteTests.framework in Frameworks */ = {isa = PBXBuildFile; fileRef = 477FA2256AB405367DF56366 /* Pods_booknoteTests.framework */; };
		7B3D2F681F8A1547007795ED /* Book.swift in Sources */ = {isa = PBXBuildFile; fileRef = 7B3D2F671F8A1547007795ED /* Book.swift */; };
		7B3D2F6A1F8A1592007795ED /* Amazon.swift in Sources */ = {isa = PBXBuildFile; fileRef = 7B3D2F691F8A1592007795ED /* Amazon.swift */; };
		7B5D86CF1F89CB6300511908 /* ImagePicker.swift in Sources */ = {isa = PBXBuildFile; fileRef = 7B5D86CE1F89CB6300511908 /* ImagePicker.swift */; };
		7B5D86D11F89CDB200511908 /* Global.swift in Sources */ = {isa = PBXBuildFile; fileRef = 7B5D86D01F89CDB200511908 /* Global.swift */; };
		7B5D86D51F89CE0F00511908 /* BaseViewController.swift in Sources */ = {isa = PBXBuildFile; fileRef = 7B5D86D41F89CE0F00511908 /* BaseViewController.swift */; };
		7B5D86D71F89CE2100511908 /* RootViewController.swift in Sources */ = {isa = PBXBuildFile; fileRef = 7B5D86D61F89CE2100511908 /* RootViewController.swift */; };
		7B5D86D91F89CE3400511908 /* TopViewController.swift in Sources */ = {isa = PBXBuildFile; fileRef = 7B5D86D81F89CE3400511908 /* TopViewController.swift */; };
		7B5D86DB1F89DB3C00511908 /* BarcodeReader.swift in Sources */ = {isa = PBXBuildFile; fileRef = 7B5D86DA1F89DB3C00511908 /* BarcodeReader.swift */; };
		7B8DD0161F88D3C400CD7D22 /* AppDelegate.swift in Sources */ = {isa = PBXBuildFile; fileRef = 7B8DD0151F88D3C400CD7D22 /* AppDelegate.swift */; };
		7B8DD0181F88D3C400CD7D22 /* ViewController.swift in Sources */ = {isa = PBXBuildFile; fileRef = 7B8DD0171F88D3C400CD7D22 /* ViewController.swift */; };
		7B8DD01B1F88D3C400CD7D22 /* Main.storyboard in Resources */ = {isa = PBXBuildFile; fileRef = 7B8DD0191F88D3C400CD7D22 /* Main.storyboard */; };
		7B8DD01D1F88D3C400CD7D22 /* Assets.xcassets in Resources */ = {isa = PBXBuildFile; fileRef = 7B8DD01C1F88D3C400CD7D22 /* Assets.xcassets */; };
		7B8DD0201F88D3C400CD7D22 /* LaunchScreen.storyboard in Resources */ = {isa = PBXBuildFile; fileRef = 7B8DD01E1F88D3C400CD7D22 /* LaunchScreen.storyboard */; };
		7B8DD02B1F88D3C400CD7D22 /* booknoteTests.swift in Sources */ = {isa = PBXBuildFile; fileRef = 7B8DD02A1F88D3C400CD7D22 /* booknoteTests.swift */; };
		7B8DD0361F88D3C400CD7D22 /* booknoteUITests.swift in Sources */ = {isa = PBXBuildFile; fileRef = 7B8DD0351F88D3C400CD7D22 /* booknoteUITests.swift */; };
		7B8DD0531F88D82C00CD7D22 /* AloeColor.swift in Sources */ = {isa = PBXBuildFile; fileRef = 7B8DD0451F88D82C00CD7D22 /* AloeColor.swift */; };
		7B8DD0541F88D82C00CD7D22 /* AloeDate.swift in Sources */ = {isa = PBXBuildFile; fileRef = 7B8DD0461F88D82C00CD7D22 /* AloeDate.swift */; };
		7B8DD0551F88D82C00CD7D22 /* AloeDevice.swift in Sources */ = {isa = PBXBuildFile; fileRef = 7B8DD0471F88D82C00CD7D22 /* AloeDevice.swift */; };
		7B8DD0561F88D82C00CD7D22 /* AloeEvent.swift in Sources */ = {isa = PBXBuildFile; fileRef = 7B8DD0481F88D82C00CD7D22 /* AloeEvent.swift */; };
		7B8DD0571F88D82C00CD7D22 /* AloeFile.swift in Sources */ = {isa = PBXBuildFile; fileRef = 7B8DD0491F88D82C00CD7D22 /* AloeFile.swift */; };
		7B8DD0581F88D82C00CD7D22 /* AloeLocation.swift in Sources */ = {isa = PBXBuildFile; fileRef = 7B8DD04A1F88D82C00CD7D22 /* AloeLocation.swift */; };
		7B8DD0591F88D82C00CD7D22 /* AloeThread.swift in Sources */ = {isa = PBXBuildFile; fileRef = 7B8DD04B1F88D82C00CD7D22 /* AloeThread.swift */; };
		7B8DD05A1F88D82C00CD7D22 /* AloeUI.swift in Sources */ = {isa = PBXBuildFile; fileRef = 7B8DD04C1F88D82C00CD7D22 /* AloeUI.swift */; };
		7B8DD05B1F88D82C00CD7D22 /* AloeChain.swift in Sources */ = {isa = PBXBuildFile; fileRef = 7B8DD04E1F88D82C00CD7D22 /* AloeChain.swift */; };
		7B8DD05C1F88D82C00CD7D22 /* AloeEase.swift in Sources */ = {isa = PBXBuildFile; fileRef = 7B8DD04F1F88D82C00CD7D22 /* AloeEase.swift */; };
		7B8DD05D1F88D82C00CD7D22 /* AloeEaseBezier.swift in Sources */ = {isa = PBXBuildFile; fileRef = 7B8DD0501F88D82C00CD7D22 /* AloeEaseBezier.swift */; };
		7B8DD05E1F88D82C00CD7D22 /* AloeTween.swift in Sources */ = {isa = PBXBuildFile; fileRef = 7B8DD0511F88D82C00CD7D22 /* AloeTween.swift */; };
		7B8DD05F1F88D82C00CD7D22 /* ReplaceMe.swift in Sources */ = {isa = PBXBuildFile; fileRef = 7B8DD0521F88D82C00CD7D22 /* ReplaceMe.swift */; };
		7B8DD0611F88D9DA00CD7D22 /* Config.swift in Sources */ = {isa = PBXBuildFile; fileRef = 7B8DD0601F88D9DA00CD7D22 /* Config.swift */; };
		7BE727351F88E90F00BAEEE8 /* CloudVision.swift in Sources */ = {isa = PBXBuildFile; fileRef = 7BE727341F88E90F00BAEEE8 /* CloudVision.swift */; };
		7BE727371F88E9C900BAEEE8 /* Util.swift in Sources */ = {isa = PBXBuildFile; fileRef = 7BE727361F88E9C900BAEEE8 /* Util.swift */; };
		7BE7273B1F88F25E00BAEEE8 /* test@2x.png in Resources */ = {isa = PBXBuildFile; fileRef = 7BE7273A1F88F25E00BAEEE8 /* test@2x.png */; };
		AF789128B6DBF8E865006F97 /* Pods_booknoteUITests.framework in Frameworks */ = {isa = PBXBuildFile; fileRef = 51D17EB7154AC0C0AF32FCCB /* Pods_booknoteUITests.framework */; };
		B7C226B4DD0CD372564A9964 /* Pods_booknote.framework in Frameworks */ = {isa = PBXBuildFile; fileRef = 1E60189383135A21F6276A4F /* Pods_booknote.framework */; };
/* End PBXBuildFile section */

/* Begin PBXContainerItemProxy section */
		7B8DD0271F88D3C400CD7D22 /* PBXContainerItemProxy */ = {
			isa = PBXContainerItemProxy;
			containerPortal = 7B8DD00A1F88D3C400CD7D22 /* Project object */;
			proxyType = 1;
			remoteGlobalIDString = 7B8DD0111F88D3C400CD7D22;
			remoteInfo = booknote;
		};
		7B8DD0321F88D3C400CD7D22 /* PBXContainerItemProxy */ = {
			isa = PBXContainerItemProxy;
			containerPortal = 7B8DD00A1F88D3C400CD7D22 /* Project object */;
			proxyType = 1;
			remoteGlobalIDString = 7B8DD0111F88D3C400CD7D22;
			remoteInfo = booknote;
		};
/* End PBXContainerItemProxy section */

/* Begin PBXFileReference section */
		0DD4CB51C5B79D43E9E8B85A /* Pods-booknoteTests.release.xcconfig */ = {isa = PBXFileReference; includeInIndex = 1; lastKnownFileType = text.xcconfig; name = "Pods-booknoteTests.release.xcconfig"; path = "Pods/Target Support Files/Pods-booknoteTests/Pods-booknoteTests.release.xcconfig"; sourceTree = "<group>"; };
		1E60189383135A21F6276A4F /* Pods_booknote.framework */ = {isa = PBXFileReference; explicitFileType = wrapper.framework; includeInIndex = 0; path = Pods_booknote.framework; sourceTree = BUILT_PRODUCTS_DIR; };
		258FEE204534A6AC42D6D933 /* Pods-booknoteTests.debug.xcconfig */ = {isa = PBXFileReference; includeInIndex = 1; lastKnownFileType = text.xcconfig; name = "Pods-booknoteTests.debug.xcconfig"; path = "Pods/Target Support Files/Pods-booknoteTests/Pods-booknoteTests.debug.xcconfig"; sourceTree = "<group>"; };
		477FA2256AB405367DF56366 /* Pods_booknoteTests.framework */ = {isa = PBXFileReference; explicitFileType = wrapper.framework; includeInIndex = 0; path = Pods_booknoteTests.framework; sourceTree = BUILT_PRODUCTS_DIR; };
		4A37236F95504B6FC279A9B2 /* Pods-booknoteUITests.release.xcconfig */ = {isa = PBXFileReference; includeInIndex = 1; lastKnownFileType = text.xcconfig; name = "Pods-booknoteUITests.release.xcconfig"; path = "Pods/Target Support Files/Pods-booknoteUITests/Pods-booknoteUITests.release.xcconfig"; sourceTree = "<group>"; };
		51D17EB7154AC0C0AF32FCCB /* Pods_booknoteUITests.framework */ = {isa = PBXFileReference; explicitFileType = wrapper.framework; includeInIndex = 0; path = Pods_booknoteUITests.framework; sourceTree = BUILT_PRODUCTS_DIR; };
		6E67254A7BED3D69CC96BC23 /* Pods-booknoteUITests.debug.xcconfig */ = {isa = PBXFileReference; includeInIndex = 1; lastKnownFileType = text.xcconfig; name = "Pods-booknoteUITests.debug.xcconfig"; path = "Pods/Target Support Files/Pods-booknoteUITests/Pods-booknoteUITests.debug.xcconfig"; sourceTree = "<group>"; };
		7B3D2F651F89F54B007795ED /* bridge.h */ = {isa = PBXFileReference; lastKnownFileType = sourcecode.c.h; path = bridge.h; sourceTree = "<group>"; };
		7B3D2F671F8A1547007795ED /* Book.swift */ = {isa = PBXFileReference; lastKnownFileType = sourcecode.swift; path = Book.swift; sourceTree = "<group>"; };
		7B3D2F691F8A1592007795ED /* Amazon.swift */ = {isa = PBXFileReference; lastKnownFileType = sourcecode.swift; path = Amazon.swift; sourceTree = "<group>"; };
		7B5D86CE1F89CB6300511908 /* ImagePicker.swift */ = {isa = PBXFileReference; lastKnownFileType = sourcecode.swift; path = ImagePicker.swift; sourceTree = "<group>"; };
		7B5D86D01F89CDB200511908 /* Global.swift */ = {isa = PBXFileReference; lastKnownFileType = sourcecode.swift; path = Global.swift; sourceTree = "<group>"; };
		7B5D86D41F89CE0F00511908 /* BaseViewController.swift */ = {isa = PBXFileReference; lastKnownFileType = sourcecode.swift; path = BaseViewController.swift; sourceTree = "<group>"; };
		7B5D86D61F89CE2100511908 /* RootViewController.swift */ = {isa = PBXFileReference; lastKnownFileType = sourcecode.swift; path = RootViewController.swift; sourceTree = "<group>"; };
		7B5D86D81F89CE3400511908 /* TopViewController.swift */ = {isa = PBXFileReference; lastKnownFileType = sourcecode.swift; path = TopViewController.swift; sourceTree = "<group>"; };
		7B5D86DA1F89DB3C00511908 /* BarcodeReader.swift */ = {isa = PBXFileReference; lastKnownFileType = sourcecode.swift; path = BarcodeReader.swift; sourceTree = "<group>"; };
		7B8DD0121F88D3C400CD7D22 /* booknote.app */ = {isa = PBXFileReference; explicitFileType = wrapper.application; includeInIndex = 0; path = booknote.app; sourceTree = BUILT_PRODUCTS_DIR; };
		7B8DD0151F88D3C400CD7D22 /* AppDelegate.swift */ = {isa = PBXFileReference; lastKnownFileType = sourcecode.swift; path = AppDelegate.swift; sourceTree = "<group>"; };
		7B8DD0171F88D3C400CD7D22 /* ViewController.swift */ = {isa = PBXFileReference; lastKnownFileType = sourcecode.swift; path = ViewController.swift; sourceTree = "<group>"; };
		7B8DD01A1F88D3C400CD7D22 /* Base */ = {isa = PBXFileReference; lastKnownFileType = file.storyboard; name = Base; path = Base.lproj/Main.storyboard; sourceTree = "<group>"; };
		7B8DD01C1F88D3C400CD7D22 /* Assets.xcassets */ = {isa = PBXFileReference; lastKnownFileType = folder.assetcatalog; path = Assets.xcassets; sourceTree = "<group>"; };
		7B8DD01F1F88D3C400CD7D22 /* Base */ = {isa = PBXFileReference; lastKnownFileType = file.storyboard; name = Base; path = Base.lproj/LaunchScreen.storyboard; sourceTree = "<group>"; };
		7B8DD0211F88D3C400CD7D22 /* Info.plist */ = {isa = PBXFileReference; lastKnownFileType = text.plist.xml; path = Info.plist; sourceTree = "<group>"; };
		7B8DD0261F88D3C400CD7D22 /* booknoteTests.xctest */ = {isa = PBXFileReference; explicitFileType = wrapper.cfbundle; includeInIndex = 0; path = booknoteTests.xctest; sourceTree = BUILT_PRODUCTS_DIR; };
		7B8DD02A1F88D3C400CD7D22 /* booknoteTests.swift */ = {isa = PBXFileReference; lastKnownFileType = sourcecode.swift; path = booknoteTests.swift; sourceTree = "<group>"; };
		7B8DD02C1F88D3C400CD7D22 /* Info.plist */ = {isa = PBXFileReference; lastKnownFileType = text.plist.xml; path = Info.plist; sourceTree = "<group>"; };
		7B8DD0311F88D3C400CD7D22 /* booknoteUITests.xctest */ = {isa = PBXFileReference; explicitFileType = wrapper.cfbundle; includeInIndex = 0; path = booknoteUITests.xctest; sourceTree = BUILT_PRODUCTS_DIR; };
		7B8DD0351F88D3C400CD7D22 /* booknoteUITests.swift */ = {isa = PBXFileReference; lastKnownFileType = sourcecode.swift; path = booknoteUITests.swift; sourceTree = "<group>"; };
		7B8DD0371F88D3C400CD7D22 /* Info.plist */ = {isa = PBXFileReference; lastKnownFileType = text.plist.xml; path = Info.plist; sourceTree = "<group>"; };
		7B8DD0451F88D82C00CD7D22 /* AloeColor.swift */ = {isa = PBXFileReference; fileEncoding = 4; lastKnownFileType = sourcecode.swift; path = AloeColor.swift; sourceTree = "<group>"; };
		7B8DD0461F88D82C00CD7D22 /* AloeDate.swift */ = {isa = PBXFileReference; fileEncoding = 4; lastKnownFileType = sourcecode.swift; path = AloeDate.swift; sourceTree = "<group>"; };
		7B8DD0471F88D82C00CD7D22 /* AloeDevice.swift */ = {isa = PBXFileReference; fileEncoding = 4; lastKnownFileType = sourcecode.swift; path = AloeDevice.swift; sourceTree = "<group>"; };
		7B8DD0481F88D82C00CD7D22 /* AloeEvent.swift */ = {isa = PBXFileReference; fileEncoding = 4; lastKnownFileType = sourcecode.swift; path = AloeEvent.swift; sourceTree = "<group>"; };
		7B8DD0491F88D82C00CD7D22 /* AloeFile.swift */ = {isa = PBXFileReference; fileEncoding = 4; lastKnownFileType = sourcecode.swift; path = AloeFile.swift; sourceTree = "<group>"; };
		7B8DD04A1F88D82C00CD7D22 /* AloeLocation.swift */ = {isa = PBXFileReference; fileEncoding = 4; lastKnownFileType = sourcecode.swift; path = AloeLocation.swift; sourceTree = "<group>"; };
		7B8DD04B1F88D82C00CD7D22 /* AloeThread.swift */ = {isa = PBXFileReference; fileEncoding = 4; lastKnownFileType = sourcecode.swift; path = AloeThread.swift; sourceTree = "<group>"; };
		7B8DD04C1F88D82C00CD7D22 /* AloeUI.swift */ = {isa = PBXFileReference; fileEncoding = 4; lastKnownFileType = sourcecode.swift; path = AloeUI.swift; sourceTree = "<group>"; };
		7B8DD04E1F88D82C00CD7D22 /* AloeChain.swift */ = {isa = PBXFileReference; fileEncoding = 4; lastKnownFileType = sourcecode.swift; path = AloeChain.swift; sourceTree = "<group>"; };
		7B8DD04F1F88D82C00CD7D22 /* AloeEase.swift */ = {isa = PBXFileReference; fileEncoding = 4; lastKnownFileType = sourcecode.swift; path = AloeEase.swift; sourceTree = "<group>"; };
		7B8DD0501F88D82C00CD7D22 /* AloeEaseBezier.swift */ = {isa = PBXFileReference; fileEncoding = 4; lastKnownFileType = sourcecode.swift; path = AloeEaseBezier.swift; sourceTree = "<group>"; };
		7B8DD0511F88D82C00CD7D22 /* AloeTween.swift */ = {isa = PBXFileReference; fileEncoding = 4; lastKnownFileType = sourcecode.swift; path = AloeTween.swift; sourceTree = "<group>"; };
		7B8DD0521F88D82C00CD7D22 /* ReplaceMe.swift */ = {isa = PBXFileReference; fileEncoding = 4; lastKnownFileType = sourcecode.swift; path = ReplaceMe.swift; sourceTree = "<group>"; };
		7B8DD0601F88D9DA00CD7D22 /* Config.swift */ = {isa = PBXFileReference; lastKnownFileType = sourcecode.swift; path = Config.swift; sourceTree = "<group>"; };
		7BE727341F88E90F00BAEEE8 /* CloudVision.swift */ = {isa = PBXFileReference; lastKnownFileType = sourcecode.swift; path = CloudVision.swift; sourceTree = "<group>"; };
		7BE727361F88E9C900BAEEE8 /* Util.swift */ = {isa = PBXFileReference; lastKnownFileType = sourcecode.swift; path = Util.swift; sourceTree = "<group>"; };
		7BE7273A1F88F25E00BAEEE8 /* test@2x.png */ = {isa = PBXFileReference; lastKnownFileType = image.png; path = "test@2x.png"; sourceTree = "<group>"; };
		899E752554ABC6005830F29A /* Pods-booknote.release.xcconfig */ = {isa = PBXFileReference; includeInIndex = 1; lastKnownFileType = text.xcconfig; name = "Pods-booknote.release.xcconfig"; path = "Pods/Target Support Files/Pods-booknote/Pods-booknote.release.xcconfig"; sourceTree = "<group>"; };
		C250B6212086A8585B506F29 /* Pods-booknote.debug.xcconfig */ = {isa = PBXFileReference; includeInIndex = 1; lastKnownFileType = text.xcconfig; name = "Pods-booknote.debug.xcconfig"; path = "Pods/Target Support Files/Pods-booknote/Pods-booknote.debug.xcconfig"; sourceTree = "<group>"; };
/* End PBXFileReference section */

/* Begin PBXFrameworksBuildPhase section */
		7B8DD00F1F88D3C400CD7D22 /* Frameworks */ = {
			isa = PBXFrameworksBuildPhase;
			buildActionMask = 2147483647;
			files = (
				B7C226B4DD0CD372564A9964 /* Pods_booknote.framework in Frameworks */,
			);
			runOnlyForDeploymentPostprocessing = 0;
		};
		7B8DD0231F88D3C400CD7D22 /* Frameworks */ = {
			isa = PBXFrameworksBuildPhase;
			buildActionMask = 2147483647;
			files = (
				5A789DF9C0013E85A7A7449D /* Pods_booknoteTests.framework in Frameworks */,
			);
			runOnlyForDeploymentPostprocessing = 0;
		};
		7B8DD02E1F88D3C400CD7D22 /* Frameworks */ = {
			isa = PBXFrameworksBuildPhase;
			buildActionMask = 2147483647;
			files = (
				AF789128B6DBF8E865006F97 /* Pods_booknoteUITests.framework in Frameworks */,
			);
			runOnlyForDeploymentPostprocessing = 0;
		};
/* End PBXFrameworksBuildPhase section */

/* Begin PBXGroup section */
		6BBE18E47C7811E73395D171 /* Frameworks */ = {
			isa = PBXGroup;
			children = (
				1E60189383135A21F6276A4F /* Pods_booknote.framework */,
				477FA2256AB405367DF56366 /* Pods_booknoteTests.framework */,
				51D17EB7154AC0C0AF32FCCB /* Pods_booknoteUITests.framework */,
			);
			name = Frameworks;
			sourceTree = "<group>";
		};
		7B3D2F661F8A1535007795ED /* entities */ = {
			isa = PBXGroup;
			children = (
				7B3D2F671F8A1547007795ED /* Book.swift */,
			);
			path = entities;
			sourceTree = "<group>";
		};
		7B5D86D21F89CDFC00511908 /* vc */ = {
			isa = PBXGroup;
			children = (
				7B5D86D31F89CDFC00511908 /* top */,
			);
			path = vc;
			sourceTree = "<group>";
		};
		7B5D86D31F89CDFC00511908 /* top */ = {
			isa = PBXGroup;
			children = (
				7B5D86D81F89CE3400511908 /* TopViewController.swift */,
			);
			path = top;
			sourceTree = "<group>";
		};
		7B8DD0091F88D3C400CD7D22 = {
			isa = PBXGroup;
			children = (
				7B8DD0431F88D82C00CD7D22 /* libs */,
				7B8DD0141F88D3C400CD7D22 /* booknote */,
				7B8DD0291F88D3C400CD7D22 /* booknoteTests */,
				7B8DD0341F88D3C400CD7D22 /* booknoteUITests */,
				7B8DD0131F88D3C400CD7D22 /* Products */,
				82A45B00B4C53CDD41BE6A2B /* Pods */,
				6BBE18E47C7811E73395D171 /* Frameworks */,
			);
			sourceTree = "<group>";
		};
		7B8DD0131F88D3C400CD7D22 /* Products */ = {
			isa = PBXGroup;
			children = (
				7B8DD0121F88D3C400CD7D22 /* booknote.app */,
				7B8DD0261F88D3C400CD7D22 /* booknoteTests.xctest */,
				7B8DD0311F88D3C400CD7D22 /* booknoteUITests.xctest */,
			);
			name = Products;
			sourceTree = "<group>";
		};
		7B8DD0141F88D3C400CD7D22 /* booknote */ = {
			isa = PBXGroup;
			children = (
				7B3D2F661F8A1535007795ED /* entities */,
				7B5D86D21F89CDFC00511908 /* vc */,
				7BE727331F88E90500BAEEE8 /* util */,
				7B8DD0621F88DB2900CD7D22 /* images */,
				7B8DD0151F88D3C400CD7D22 /* AppDelegate.swift */,
				7B8DD0171F88D3C400CD7D22 /* ViewController.swift */,
				7B8DD0191F88D3C400CD7D22 /* Main.storyboard */,
				7B8DD01C1F88D3C400CD7D22 /* Assets.xcassets */,
				7B8DD01E1F88D3C400CD7D22 /* LaunchScreen.storyboard */,
				7B8DD0211F88D3C400CD7D22 /* Info.plist */,
				7B8DD0601F88D9DA00CD7D22 /* Config.swift */,
				7B5D86D41F89CE0F00511908 /* BaseViewController.swift */,
				7B5D86D61F89CE2100511908 /* RootViewController.swift */,
				7B3D2F651F89F54B007795ED /* bridge.h */,
			);
			path = booknote;
			sourceTree = "<group>";
		};
		7B8DD0291F88D3C400CD7D22 /* booknoteTests */ = {
			isa = PBXGroup;
			children = (
				7B8DD02A1F88D3C400CD7D22 /* booknoteTests.swift */,
				7B8DD02C1F88D3C400CD7D22 /* Info.plist */,
			);
			path = booknoteTests;
			sourceTree = "<group>";
		};
		7B8DD0341F88D3C400CD7D22 /* booknoteUITests */ = {
			isa = PBXGroup;
			children = (
				7B8DD0351F88D3C400CD7D22 /* booknoteUITests.swift */,
				7B8DD0371F88D3C400CD7D22 /* Info.plist */,
			);
			path = booknoteUITests;
			sourceTree = "<group>";
		};
		7B8DD0431F88D82C00CD7D22 /* libs */ = {
			isa = PBXGroup;
			children = (
				7B8DD0441F88D82C00CD7D22 /* aloe */,
			);
			path = libs;
			sourceTree = "<group>";
		};
		7B8DD0441F88D82C00CD7D22 /* aloe */ = {
			isa = PBXGroup;
			children = (
				7B8DD0451F88D82C00CD7D22 /* AloeColor.swift */,
				7B8DD0461F88D82C00CD7D22 /* AloeDate.swift */,
				7B8DD0471F88D82C00CD7D22 /* AloeDevice.swift */,
				7B8DD0481F88D82C00CD7D22 /* AloeEvent.swift */,
				7B8DD0491F88D82C00CD7D22 /* AloeFile.swift */,
				7B8DD04A1F88D82C00CD7D22 /* AloeLocation.swift */,
				7B8DD04B1F88D82C00CD7D22 /* AloeThread.swift */,
				7B8DD04C1F88D82C00CD7D22 /* AloeUI.swift */,
				7B8DD04D1F88D82C00CD7D22 /* animation */,
				7B8DD0521F88D82C00CD7D22 /* ReplaceMe.swift */,
			);
			path = aloe;
			sourceTree = "<group>";
		};
		7B8DD04D1F88D82C00CD7D22 /* animation */ = {
			isa = PBXGroup;
			children = (
				7B8DD04E1F88D82C00CD7D22 /* AloeChain.swift */,
				7B8DD04F1F88D82C00CD7D22 /* AloeEase.swift */,
				7B8DD0501F88D82C00CD7D22 /* AloeEaseBezier.swift */,
				7B8DD0511F88D82C00CD7D22 /* AloeTween.swift */,
			);
			path = animation;
			sourceTree = "<group>";
		};
		7B8DD0621F88DB2900CD7D22 /* images */ = {
			isa = PBXGroup;
			children = (
				7BE7273A1F88F25E00BAEEE8 /* test@2x.png */,
			);
			path = images;
			sourceTree = "<group>";
		};
		7BE727331F88E90500BAEEE8 /* util */ = {
			isa = PBXGroup;
			children = (
				7BE727341F88E90F00BAEEE8 /* CloudVision.swift */,
				7BE727361F88E9C900BAEEE8 /* Util.swift */,
				7B5D86CE1F89CB6300511908 /* ImagePicker.swift */,
				7B5D86D01F89CDB200511908 /* Global.swift */,
				7B5D86DA1F89DB3C00511908 /* BarcodeReader.swift */,
				7B3D2F691F8A1592007795ED /* Amazon.swift */,
			);
			path = util;
			sourceTree = "<group>";
		};
		82A45B00B4C53CDD41BE6A2B /* Pods */ = {
			isa = PBXGroup;
			children = (
				C250B6212086A8585B506F29 /* Pods-booknote.debug.xcconfig */,
				899E752554ABC6005830F29A /* Pods-booknote.release.xcconfig */,
				258FEE204534A6AC42D6D933 /* Pods-booknoteTests.debug.xcconfig */,
				0DD4CB51C5B79D43E9E8B85A /* Pods-booknoteTests.release.xcconfig */,
				6E67254A7BED3D69CC96BC23 /* Pods-booknoteUITests.debug.xcconfig */,
				4A37236F95504B6FC279A9B2 /* Pods-booknoteUITests.release.xcconfig */,
			);
			name = Pods;
			sourceTree = "<group>";
		};
/* End PBXGroup section */

/* Begin PBXNativeTarget section */
		7B8DD0111F88D3C400CD7D22 /* booknote */ = {
			isa = PBXNativeTarget;
			buildConfigurationList = 7B8DD03A1F88D3C400CD7D22 /* Build configuration list for PBXNativeTarget "booknote" */;
			buildPhases = (
				A897C32BF33286B6549E78DA /* [CP] Check Pods Manifest.lock */,
				7B8DD00E1F88D3C400CD7D22 /* Sources */,
				7B8DD00F1F88D3C400CD7D22 /* Frameworks */,
				7B8DD0101F88D3C400CD7D22 /* Resources */,
				70A241341C0AC6EA8367F0C0 /* [CP] Embed Pods Frameworks */,
				47BCECEA0B8EDC71AFC1FEF6 /* [CP] Copy Pods Resources */,
			);
			buildRules = (
			);
			dependencies = (
			);
			name = booknote;
			productName = booknote;
			productReference = 7B8DD0121F88D3C400CD7D22 /* booknote.app */;
			productType = "com.apple.product-type.application";
		};
		7B8DD0251F88D3C400CD7D22 /* booknoteTests */ = {
			isa = PBXNativeTarget;
			buildConfigurationList = 7B8DD03D1F88D3C400CD7D22 /* Build configuration list for PBXNativeTarget "booknoteTests" */;
			buildPhases = (
				5D459E6275D8166427D39189 /* [CP] Check Pods Manifest.lock */,
				7B8DD0221F88D3C400CD7D22 /* Sources */,
				7B8DD0231F88D3C400CD7D22 /* Frameworks */,
				7B8DD0241F88D3C400CD7D22 /* Resources */,
				0B8DE3F66B337C36A5195246 /* [CP] Embed Pods Frameworks */,
				FF8317F8BBEEBCC3396F12A9 /* [CP] Copy Pods Resources */,
			);
			buildRules = (
			);
			dependencies = (
				7B8DD0281F88D3C400CD7D22 /* PBXTargetDependency */,
			);
			name = booknoteTests;
			productName = booknoteTests;
			productReference = 7B8DD0261F88D3C400CD7D22 /* booknoteTests.xctest */;
			productType = "com.apple.product-type.bundle.unit-test";
		};
		7B8DD0301F88D3C400CD7D22 /* booknoteUITests */ = {
			isa = PBXNativeTarget;
			buildConfigurationList = 7B8DD0401F88D3C400CD7D22 /* Build configuration list for PBXNativeTarget "booknoteUITests" */;
			buildPhases = (
				942208D21696D17C15A87002 /* [CP] Check Pods Manifest.lock */,
				7B8DD02D1F88D3C400CD7D22 /* Sources */,
				7B8DD02E1F88D3C400CD7D22 /* Frameworks */,
				7B8DD02F1F88D3C400CD7D22 /* Resources */,
				648778EF7114FCD59B4F4C50 /* [CP] Embed Pods Frameworks */,
				7DA39FA9578503FB417F6C10 /* [CP] Copy Pods Resources */,
			);
			buildRules = (
			);
			dependencies = (
				7B8DD0331F88D3C400CD7D22 /* PBXTargetDependency */,
			);
			name = booknoteUITests;
			productName = booknoteUITests;
			productReference = 7B8DD0311F88D3C400CD7D22 /* booknoteUITests.xctest */;
			productType = "com.apple.product-type.bundle.ui-testing";
		};
/* End PBXNativeTarget section */

/* Begin PBXProject section */
		7B8DD00A1F88D3C400CD7D22 /* Project object */ = {
			isa = PBXProject;
			attributes = {
				LastSwiftUpdateCheck = 0900;
				LastUpgradeCheck = 0900;
				ORGANIZATIONNAME = nakadoribooks;
				TargetAttributes = {
					7B8DD0111F88D3C400CD7D22 = {
						CreatedOnToolsVersion = 9.0;
						ProvisioningStyle = Automatic;
					};
					7B8DD0251F88D3C400CD7D22 = {
						CreatedOnToolsVersion = 9.0;
						ProvisioningStyle = Automatic;
						TestTargetID = 7B8DD0111F88D3C400CD7D22;
					};
					7B8DD0301F88D3C400CD7D22 = {
						CreatedOnToolsVersion = 9.0;
						ProvisioningStyle = Automatic;
						TestTargetID = 7B8DD0111F88D3C400CD7D22;
					};
				};
			};
			buildConfigurationList = 7B8DD00D1F88D3C400CD7D22 /* Build configuration list for PBXProject "booknote" */;
			compatibilityVersion = "Xcode 8.0";
			developmentRegion = en;
			hasScannedForEncodings = 0;
			knownRegions = (
				en,
				Base,
			);
			mainGroup = 7B8DD0091F88D3C400CD7D22;
			productRefGroup = 7B8DD0131F88D3C400CD7D22 /* Products */;
			projectDirPath = "";
			projectRoot = "";
			targets = (
				7B8DD0111F88D3C400CD7D22 /* booknote */,
				7B8DD0251F88D3C400CD7D22 /* booknoteTests */,
				7B8DD0301F88D3C400CD7D22 /* booknoteUITests */,
			);
		};
/* End PBXProject section */

/* Begin PBXResourcesBuildPhase section */
		7B8DD0101F88D3C400CD7D22 /* Resources */ = {
			isa = PBXResourcesBuildPhase;
			buildActionMask = 2147483647;
			files = (
				7B8DD0201F88D3C400CD7D22 /* LaunchScreen.storyboard in Resources */,
				7BE7273B1F88F25E00BAEEE8 /* test@2x.png in Resources */,
				7B8DD01D1F88D3C400CD7D22 /* Assets.xcassets in Resources */,
				7B8DD01B1F88D3C400CD7D22 /* Main.storyboard in Resources */,
			);
			runOnlyForDeploymentPostprocessing = 0;
		};
		7B8DD0241F88D3C400CD7D22 /* Resources */ = {
			isa = PBXResourcesBuildPhase;
			buildActionMask = 2147483647;
			files = (
			);
			runOnlyForDeploymentPostprocessing = 0;
		};
		7B8DD02F1F88D3C400CD7D22 /* Resources */ = {
			isa = PBXResourcesBuildPhase;
			buildActionMask = 2147483647;
			files = (
			);
			runOnlyForDeploymentPostprocessing = 0;
		};
/* End PBXResourcesBuildPhase section */

/* Begin PBXShellScriptBuildPhase section */
		0B8DE3F66B337C36A5195246 /* [CP] Embed Pods Frameworks */ = {
			isa = PBXShellScriptBuildPhase;
			buildActionMask = 2147483647;
			files = (
			);
			inputPaths = (
			);
			name = "[CP] Embed Pods Frameworks";
			outputPaths = (
			);
			runOnlyForDeploymentPostprocessing = 0;
			shellPath = /bin/sh;
			shellScript = "\"${SRCROOT}/Pods/Target Support Files/Pods-booknoteTests/Pods-booknoteTests-frameworks.sh\"\n";
			showEnvVarsInLog = 0;
		};
		47BCECEA0B8EDC71AFC1FEF6 /* [CP] Copy Pods Resources */ = {
			isa = PBXShellScriptBuildPhase;
			buildActionMask = 2147483647;
			files = (
			);
			inputPaths = (
			);
			name = "[CP] Copy Pods Resources";
			outputPaths = (
			);
			runOnlyForDeploymentPostprocessing = 0;
			shellPath = /bin/sh;
			shellScript = "\"${SRCROOT}/Pods/Target Support Files/Pods-booknote/Pods-booknote-resources.sh\"\n";
			showEnvVarsInLog = 0;
		};
		5D459E6275D8166427D39189 /* [CP] Check Pods Manifest.lock */ = {
			isa = PBXShellScriptBuildPhase;
			buildActionMask = 2147483647;
			files = (
			);
			inputPaths = (
			);
			name = "[CP] Check Pods Manifest.lock";
			outputPaths = (
			);
			runOnlyForDeploymentPostprocessing = 0;
			shellPath = /bin/sh;
			shellScript = "diff \"${PODS_PODFILE_DIR_PATH}/Podfile.lock\" \"${PODS_ROOT}/Manifest.lock\" > /dev/null\nif [ $? != 0 ] ; then\n    # print error to STDERR\n    echo \"error: The sandbox is not in sync with the Podfile.lock. Run 'pod install' or update your CocoaPods installation.\" >&2\n    exit 1\nfi\n";
			showEnvVarsInLog = 0;
		};
		648778EF7114FCD59B4F4C50 /* [CP] Embed Pods Frameworks */ = {
			isa = PBXShellScriptBuildPhase;
			buildActionMask = 2147483647;
			files = (
			);
			inputPaths = (
			);
			name = "[CP] Embed Pods Frameworks";
			outputPaths = (
			);
			runOnlyForDeploymentPostprocessing = 0;
			shellPath = /bin/sh;
			shellScript = "\"${SRCROOT}/Pods/Target Support Files/Pods-booknoteUITests/Pods-booknoteUITests-frameworks.sh\"\n";
			showEnvVarsInLog = 0;
		};
		70A241341C0AC6EA8367F0C0 /* [CP] Embed Pods Frameworks */ = {
			isa = PBXShellScriptBuildPhase;
			buildActionMask = 2147483647;
			files = (
			);
			inputPaths = (
			);
			name = "[CP] Embed Pods Frameworks";
			outputPaths = (
			);
			runOnlyForDeploymentPostprocessing = 0;
			shellPath = /bin/sh;
			shellScript = "\"${SRCROOT}/Pods/Target Support Files/Pods-booknote/Pods-booknote-frameworks.sh\"\n";
			showEnvVarsInLog = 0;
		};
		7DA39FA9578503FB417F6C10 /* [CP] Copy Pods Resources */ = {
			isa = PBXShellScriptBuildPhase;
			buildActionMask = 2147483647;
			files = (
			);
			inputPaths = (
			);
			name = "[CP] Copy Pods Resources";
			outputPaths = (
			);
			runOnlyForDeploymentPostprocessing = 0;
			shellPath = /bin/sh;
			shellScript = "\"${SRCROOT}/Pods/Target Support Files/Pods-booknoteUITests/Pods-booknoteUITests-resources.sh\"\n";
			showEnvVarsInLog = 0;
		};
		942208D21696D17C15A87002 /* [CP] Check Pods Manifest.lock */ = {
			isa = PBXShellScriptBuildPhase;
			buildActionMask = 2147483647;
			files = (
			);
			inputPaths = (
			);
			name = "[CP] Check Pods Manifest.lock";
			outputPaths = (
			);
			runOnlyForDeploymentPostprocessing = 0;
			shellPath = /bin/sh;
			shellScript = "diff \"${PODS_PODFILE_DIR_PATH}/Podfile.lock\" \"${PODS_ROOT}/Manifest.lock\" > /dev/null\nif [ $? != 0 ] ; then\n    # print error to STDERR\n    echo \"error: The sandbox is not in sync with the Podfile.lock. Run 'pod install' or update your CocoaPods installation.\" >&2\n    exit 1\nfi\n";
			showEnvVarsInLog = 0;
		};
		A897C32BF33286B6549E78DA /* [CP] Check Pods Manifest.lock */ = {
			isa = PBXShellScriptBuildPhase;
			buildActionMask = 2147483647;
			files = (
			);
			inputPaths = (
			);
			name = "[CP] Check Pods Manifest.lock";
			outputPaths = (
			);
			runOnlyForDeploymentPostprocessing = 0;
			shellPath = /bin/sh;
			shellScript = "diff \"${PODS_PODFILE_DIR_PATH}/Podfile.lock\" \"${PODS_ROOT}/Manifest.lock\" > /dev/null\nif [ $? != 0 ] ; then\n    # print error to STDERR\n    echo \"error: The sandbox is not in sync with the Podfile.lock. Run 'pod install' or update your CocoaPods installation.\" >&2\n    exit 1\nfi\n";
			showEnvVarsInLog = 0;
		};
		FF8317F8BBEEBCC3396F12A9 /* [CP] Copy Pods Resources */ = {
			isa = PBXShellScriptBuildPhase;
			buildActionMask = 2147483647;
			files = (
			);
			inputPaths = (
			);
			name = "[CP] Copy Pods Resources";
			outputPaths = (
			);
			runOnlyForDeploymentPostprocessing = 0;
			shellPath = /bin/sh;
			shellScript = "\"${SRCROOT}/Pods/Target Support Files/Pods-booknoteTests/Pods-booknoteTests-resources.sh\"\n";
			showEnvVarsInLog = 0;
		};
/* End PBXShellScriptBuildPhase section */

/* Begin PBXSourcesBuildPhase section */
		7B8DD00E1F88D3C400CD7D22 /* Sources */ = {
			isa = PBXSourcesBuildPhase;
			buildActionMask = 2147483647;
			files = (
				7B8DD05C1F88D82C00CD7D22 /* AloeEase.swift in Sources */,
				7B5D86DB1F89DB3C00511908 /* BarcodeReader.swift in Sources */,
				7B5D86D91F89CE3400511908 /* TopViewController.swift in Sources */,
				7B3D2F6A1F8A1592007795ED /* Amazon.swift in Sources */,
				7BE727371F88E9C900BAEEE8 /* Util.swift in Sources */,
				7B8DD0541F88D82C00CD7D22 /* AloeDate.swift in Sources */,
				7BE727351F88E90F00BAEEE8 /* CloudVision.swift in Sources */,
				7B8DD05E1F88D82C00CD7D22 /* AloeTween.swift in Sources */,
				7B5D86D51F89CE0F00511908 /* BaseViewController.swift in Sources */,
				7B8DD0531F88D82C00CD7D22 /* AloeColor.swift in Sources */,
				7B8DD05A1F88D82C00CD7D22 /* AloeUI.swift in Sources */,
				7B5D86CF1F89CB6300511908 /* ImagePicker.swift in Sources */,
				7B5D86D11F89CDB200511908 /* Global.swift in Sources */,
				7B8DD0571F88D82C00CD7D22 /* AloeFile.swift in Sources */,
				7B8DD0551F88D82C00CD7D22 /* AloeDevice.swift in Sources */,
				7B8DD0591F88D82C00CD7D22 /* AloeThread.swift in Sources */,
				7B8DD05D1F88D82C00CD7D22 /* AloeEaseBezier.swift in Sources */,
				7B5D86D71F89CE2100511908 /* RootViewController.swift in Sources */,
				7B8DD05F1F88D82C00CD7D22 /* ReplaceMe.swift in Sources */,
				7B3D2F681F8A1547007795ED /* Book.swift in Sources */,
				7B8DD0181F88D3C400CD7D22 /* ViewController.swift in Sources */,
				7B8DD05B1F88D82C00CD7D22 /* AloeChain.swift in Sources */,
				7B8DD0161F88D3C400CD7D22 /* AppDelegate.swift in Sources */,
				7B8DD0611F88D9DA00CD7D22 /* Config.swift in Sources */,
				7B8DD0561F88D82C00CD7D22 /* AloeEvent.swift in Sources */,
				7B8DD0581F88D82C00CD7D22 /* AloeLocation.swift in Sources */,
			);
			runOnlyForDeploymentPostprocessing = 0;
		};
		7B8DD0221F88D3C400CD7D22 /* Sources */ = {
			isa = PBXSourcesBuildPhase;
			buildActionMask = 2147483647;
			files = (
				7B8DD02B1F88D3C400CD7D22 /* booknoteTests.swift in Sources */,
			);
			runOnlyForDeploymentPostprocessing = 0;
		};
		7B8DD02D1F88D3C400CD7D22 /* Sources */ = {
			isa = PBXSourcesBuildPhase;
			buildActionMask = 2147483647;
			files = (
				7B8DD0361F88D3C400CD7D22 /* booknoteUITests.swift in Sources */,
			);
			runOnlyForDeploymentPostprocessing = 0;
		};
/* End PBXSourcesBuildPhase section */

/* Begin PBXTargetDependency section */
		7B8DD0281F88D3C400CD7D22 /* PBXTargetDependency */ = {
			isa = PBXTargetDependency;
			target = 7B8DD0111F88D3C400CD7D22 /* booknote */;
			targetProxy = 7B8DD0271F88D3C400CD7D22 /* PBXContainerItemProxy */;
		};
		7B8DD0331F88D3C400CD7D22 /* PBXTargetDependency */ = {
			isa = PBXTargetDependency;
			target = 7B8DD0111F88D3C400CD7D22 /* booknote */;
			targetProxy = 7B8DD0321F88D3C400CD7D22 /* PBXContainerItemProxy */;
		};
/* End PBXTargetDependency section */

/* Begin PBXVariantGroup section */
		7B8DD0191F88D3C400CD7D22 /* Main.storyboard */ = {
			isa = PBXVariantGroup;
			children = (
				7B8DD01A1F88D3C400CD7D22 /* Base */,
			);
			name = Main.storyboard;
			sourceTree = "<group>";
		};
		7B8DD01E1F88D3C400CD7D22 /* LaunchScreen.storyboard */ = {
			isa = PBXVariantGroup;
			children = (
				7B8DD01F1F88D3C400CD7D22 /* Base */,
			);
			name = LaunchScreen.storyboard;
			sourceTree = "<group>";
		};
/* End PBXVariantGroup section */

/* Begin XCBuildConfiguration section */
		7B8DD0381F88D3C400CD7D22 /* Debug */ = {
			isa = XCBuildConfiguration;
			buildSettings = {
				ALWAYS_SEARCH_USER_PATHS = NO;
				CLANG_ANALYZER_NONNULL = YES;
				CLANG_ANALYZER_NUMBER_OBJECT_CONVERSION = YES_AGGRESSIVE;
				CLANG_CXX_LANGUAGE_STANDARD = "gnu++14";
				CLANG_CXX_LIBRARY = "libc++";
				CLANG_ENABLE_MODULES = YES;
				CLANG_ENABLE_OBJC_ARC = YES;
				CLANG_WARN_BLOCK_CAPTURE_AUTORELEASING = YES;
				CLANG_WARN_BOOL_CONVERSION = YES;
				CLANG_WARN_COMMA = YES;
				CLANG_WARN_CONSTANT_CONVERSION = YES;
				CLANG_WARN_DIRECT_OBJC_ISA_USAGE = YES_ERROR;
				CLANG_WARN_DOCUMENTATION_COMMENTS = YES;
				CLANG_WARN_EMPTY_BODY = YES;
				CLANG_WARN_ENUM_CONVERSION = YES;
				CLANG_WARN_INFINITE_RECURSION = YES;
				CLANG_WARN_INT_CONVERSION = YES;
				CLANG_WARN_NON_LITERAL_NULL_CONVERSION = YES;
				CLANG_WARN_OBJC_LITERAL_CONVERSION = YES;
				CLANG_WARN_OBJC_ROOT_CLASS = YES_ERROR;
				CLANG_WARN_RANGE_LOOP_ANALYSIS = YES;
				CLANG_WARN_STRICT_PROTOTYPES = YES;
				CLANG_WARN_SUSPICIOUS_MOVE = YES;
				CLANG_WARN_UNGUARDED_AVAILABILITY = YES_AGGRESSIVE;
				CLANG_WARN_UNREACHABLE_CODE = YES;
				CLANG_WARN__DUPLICATE_METHOD_MATCH = YES;
				CODE_SIGN_IDENTITY = "iPhone Developer";
				COPY_PHASE_STRIP = NO;
				DEBUG_INFORMATION_FORMAT = dwarf;
				ENABLE_STRICT_OBJC_MSGSEND = YES;
				ENABLE_TESTABILITY = YES;
				GCC_C_LANGUAGE_STANDARD = gnu11;
				GCC_DYNAMIC_NO_PIC = NO;
				GCC_NO_COMMON_BLOCKS = YES;
				GCC_OPTIMIZATION_LEVEL = 0;
				GCC_PREPROCESSOR_DEFINITIONS = (
					"DEBUG=1",
					"$(inherited)",
				);
				GCC_WARN_64_TO_32_BIT_CONVERSION = YES;
				GCC_WARN_ABOUT_RETURN_TYPE = YES_ERROR;
				GCC_WARN_UNDECLARED_SELECTOR = YES;
				GCC_WARN_UNINITIALIZED_AUTOS = YES_AGGRESSIVE;
				GCC_WARN_UNUSED_FUNCTION = YES;
				GCC_WARN_UNUSED_VARIABLE = YES;
				IPHONEOS_DEPLOYMENT_TARGET = 11.0;
				MTL_ENABLE_DEBUG_INFO = YES;
				ONLY_ACTIVE_ARCH = YES;
				SDKROOT = iphoneos;
				SWIFT_ACTIVE_COMPILATION_CONDITIONS = DEBUG;
				SWIFT_OPTIMIZATION_LEVEL = "-Onone";
			};
			name = Debug;
		};
		7B8DD0391F88D3C400CD7D22 /* Release */ = {
			isa = XCBuildConfiguration;
			buildSettings = {
				ALWAYS_SEARCH_USER_PATHS = NO;
				CLANG_ANALYZER_NONNULL = YES;
				CLANG_ANALYZER_NUMBER_OBJECT_CONVERSION = YES_AGGRESSIVE;
				CLANG_CXX_LANGUAGE_STANDARD = "gnu++14";
				CLANG_CXX_LIBRARY = "libc++";
				CLANG_ENABLE_MODULES = YES;
				CLANG_ENABLE_OBJC_ARC = YES;
				CLANG_WARN_BLOCK_CAPTURE_AUTORELEASING = YES;
				CLANG_WARN_BOOL_CONVERSION = YES;
				CLANG_WARN_COMMA = YES;
				CLANG_WARN_CONSTANT_CONVERSION = YES;
				CLANG_WARN_DIRECT_OBJC_ISA_USAGE = YES_ERROR;
				CLANG_WARN_DOCUMENTATION_COMMENTS = YES;
				CLANG_WARN_EMPTY_BODY = YES;
				CLANG_WARN_ENUM_CONVERSION = YES;
				CLANG_WARN_INFINITE_RECURSION = YES;
				CLANG_WARN_INT_CONVERSION = YES;
				CLANG_WARN_NON_LITERAL_NULL_CONVERSION = YES;
				CLANG_WARN_OBJC_LITERAL_CONVERSION = YES;
				CLANG_WARN_OBJC_ROOT_CLASS = YES_ERROR;
				CLANG_WARN_RANGE_LOOP_ANALYSIS = YES;
				CLANG_WARN_STRICT_PROTOTYPES = YES;
				CLANG_WARN_SUSPICIOUS_MOVE = YES;
				CLANG_WARN_UNGUARDED_AVAILABILITY = YES_AGGRESSIVE;
				CLANG_WARN_UNREACHABLE_CODE = YES;
				CLANG_WARN__DUPLICATE_METHOD_MATCH = YES;
				CODE_SIGN_IDENTITY = "iPhone Developer";
				COPY_PHASE_STRIP = NO;
				DEBUG_INFORMATION_FORMAT = "dwarf-with-dsym";
				ENABLE_NS_ASSERTIONS = NO;
				ENABLE_STRICT_OBJC_MSGSEND = YES;
				GCC_C_LANGUAGE_STANDARD = gnu11;
				GCC_NO_COMMON_BLOCKS = YES;
				GCC_WARN_64_TO_32_BIT_CONVERSION = YES;
				GCC_WARN_ABOUT_RETURN_TYPE = YES_ERROR;
				GCC_WARN_UNDECLARED_SELECTOR = YES;
				GCC_WARN_UNINITIALIZED_AUTOS = YES_AGGRESSIVE;
				GCC_WARN_UNUSED_FUNCTION = YES;
				GCC_WARN_UNUSED_VARIABLE = YES;
				IPHONEOS_DEPLOYMENT_TARGET = 11.0;
				MTL_ENABLE_DEBUG_INFO = NO;
				SDKROOT = iphoneos;
				SWIFT_OPTIMIZATION_LEVEL = "-Owholemodule";
				VALIDATE_PRODUCT = YES;
			};
			name = Release;
		};
		7B8DD03B1F88D3C400CD7D22 /* Debug */ = {
			isa = XCBuildConfiguration;
			baseConfigurationReference = C250B6212086A8585B506F29 /* Pods-booknote.debug.xcconfig */;
			buildSettings = {
				ASSETCATALOG_COMPILER_APPICON_NAME = AppIcon;
				CODE_SIGN_STYLE = Automatic;
				DEVELOPMENT_TEAM = RHQWK52K6D;
				FRAMEWORK_SEARCH_PATHS = (
					"$(inherited)",
					"$(PROJECT_DIR)/libs/AmazonMobileAds",
				);
				INFOPLIST_FILE = booknote/Info.plist;
				IPHONEOS_DEPLOYMENT_TARGET = 10.0;
				LD_RUNPATH_SEARCH_PATHS = "$(inherited) @executable_path/Frameworks";
				PRODUCT_BUNDLE_IDENTIFIER = com.nakadoribooks.booknote;
				PRODUCT_NAME = "$(TARGET_NAME)";
				SWIFT_OBJC_BRIDGING_HEADER = booknote/bridge.h;
				SWIFT_VERSION = 4.0;
				TARGETED_DEVICE_FAMILY = "1,2";
			};
			name = Debug;
		};
		7B8DD03C1F88D3C400CD7D22 /* Release */ = {
			isa = XCBuildConfiguration;
			baseConfigurationReference = 899E752554ABC6005830F29A /* Pods-booknote.release.xcconfig */;
			buildSettings = {
				ASSETCATALOG_COMPILER_APPICON_NAME = AppIcon;
				CODE_SIGN_STYLE = Automatic;
				DEVELOPMENT_TEAM = RHQWK52K6D;
				FRAMEWORK_SEARCH_PATHS = (
					"$(inherited)",
					"$(PROJECT_DIR)/libs/AmazonMobileAds",
				);
				INFOPLIST_FILE = booknote/Info.plist;
				IPHONEOS_DEPLOYMENT_TARGET = 10.0;
				LD_RUNPATH_SEARCH_PATHS = "$(inherited) @executable_path/Frameworks";
				PRODUCT_BUNDLE_IDENTIFIER = com.nakadoribooks.booknote;
				PRODUCT_NAME = "$(TARGET_NAME)";
				SWIFT_OBJC_BRIDGING_HEADER = booknote/bridge.h;
				SWIFT_VERSION = 4.0;
				TARGETED_DEVICE_FAMILY = "1,2";
			};
			name = Release;
		};
		7B8DD03E1F88D3C400CD7D22 /* Debug */ = {
			isa = XCBuildConfiguration;
			baseConfigurationReference = 258FEE204534A6AC42D6D933 /* Pods-booknoteTests.debug.xcconfig */;
			buildSettings = {
				ALWAYS_EMBED_SWIFT_STANDARD_LIBRARIES = YES;
				BUNDLE_LOADER = "$(TEST_HOST)";
				CODE_SIGN_STYLE = Automatic;
				DEVELOPMENT_TEAM = RHQWK52K6D;
				INFOPLIST_FILE = booknoteTests/Info.plist;
				LD_RUNPATH_SEARCH_PATHS = "$(inherited) @executable_path/Frameworks @loader_path/Frameworks";
				PRODUCT_BUNDLE_IDENTIFIER = com.nakadoribooks.booknoteTests;
				PRODUCT_NAME = "$(TARGET_NAME)";
				SWIFT_VERSION = 4.0;
				TARGETED_DEVICE_FAMILY = "1,2";
				TEST_HOST = "$(BUILT_PRODUCTS_DIR)/booknote.app/booknote";
			};
			name = Debug;
		};
		7B8DD03F1F88D3C400CD7D22 /* Release */ = {
			isa = XCBuildConfiguration;
			baseConfigurationReference = 0DD4CB51C5B79D43E9E8B85A /* Pods-booknoteTests.release.xcconfig */;
			buildSettings = {
				ALWAYS_EMBED_SWIFT_STANDARD_LIBRARIES = YES;
				BUNDLE_LOADER = "$(TEST_HOST)";
				CODE_SIGN_STYLE = Automatic;
				DEVELOPMENT_TEAM = RHQWK52K6D;
				INFOPLIST_FILE = booknoteTests/Info.plist;
				LD_RUNPATH_SEARCH_PATHS = "$(inherited) @executable_path/Frameworks @loader_path/Frameworks";
				PRODUCT_BUNDLE_IDENTIFIER = com.nakadoribooks.booknoteTests;
				PRODUCT_NAME = "$(TARGET_NAME)";
				SWIFT_VERSION = 4.0;
				TARGETED_DEVICE_FAMILY = "1,2";
				TEST_HOST = "$(BUILT_PRODUCTS_DIR)/booknote.app/booknote";
			};
			name = Release;
		};
		7B8DD0411F88D3C400CD7D22 /* Debug */ = {
			isa = XCBuildConfiguration;
			baseConfigurationReference = 6E67254A7BED3D69CC96BC23 /* Pods-booknoteUITests.debug.xcconfig */;
			buildSettings = {
				ALWAYS_EMBED_SWIFT_STANDARD_LIBRARIES = YES;
				CODE_SIGN_STYLE = Automatic;
				DEVELOPMENT_TEAM = RHQWK52K6D;
				INFOPLIST_FILE = booknoteUITests/Info.plist;
				LD_RUNPATH_SEARCH_PATHS = "$(inherited) @executable_path/Frameworks @loader_path/Frameworks";
				PRODUCT_BUNDLE_IDENTIFIER = com.nakadoribooks.booknoteUITests;
				PRODUCT_NAME = "$(TARGET_NAME)";
				SWIFT_VERSION = 4.0;
				TARGETED_DEVICE_FAMILY = "1,2";
				TEST_TARGET_NAME = booknote;
			};
			name = Debug;
		};
		7B8DD0421F88D3C400CD7D22 /* Release */ = {
			isa = XCBuildConfiguration;
			baseConfigurationReference = 4A37236F95504B6FC279A9B2 /* Pods-booknoteUITests.release.xcconfig */;
			buildSettings = {
				ALWAYS_EMBED_SWIFT_STANDARD_LIBRARIES = YES;
				CODE_SIGN_STYLE = Automatic;
				DEVELOPMENT_TEAM = RHQWK52K6D;
				INFOPLIST_FILE = booknoteUITests/Info.plist;
				LD_RUNPATH_SEARCH_PATHS = "$(inherited) @executable_path/Frameworks @loader_path/Frameworks";
				PRODUCT_BUNDLE_IDENTIFIER = com.nakadoribooks.booknoteUITests;
				PRODUCT_NAME = "$(TARGET_NAME)";
				SWIFT_VERSION = 4.0;
				TARGETED_DEVICE_FAMILY = "1,2";
				TEST_TARGET_NAME = booknote;
			};
			name = Release;
		};
/* End XCBuildConfiguration section */

/* Begin XCConfigurationList section */
		7B8DD00D1F88D3C400CD7D22 /* Build configuration list for PBXProject "booknote" */ = {
			isa = XCConfigurationList;
			buildConfigurations = (
				7B8DD0381F88D3C400CD7D22 /* Debug */,
				7B8DD0391F88D3C400CD7D22 /* Release */,
			);
			defaultConfigurationIsVisible = 0;
			defaultConfigurationName = Release;
		};
		7B8DD03A1F88D3C400CD7D22 /* Build configuration list for PBXNativeTarget "booknote" */ = {
			isa = XCConfigurationList;
			buildConfigurations = (
				7B8DD03B1F88D3C400CD7D22 /* Debug */,
				7B8DD03C1F88D3C400CD7D22 /* Release */,
			);
			defaultConfigurationIsVisible = 0;
			defaultConfigurationName = Release;
		};
		7B8DD03D1F88D3C400CD7D22 /* Build configuration list for PBXNativeTarget "booknoteTests" */ = {
			isa = XCConfigurationList;
			buildConfigurations = (
				7B8DD03E1F88D3C400CD7D22 /* Debug */,
				7B8DD03F1F88D3C400CD7D22 /* Release */,
			);
			defaultConfigurationIsVisible = 0;
			defaultConfigurationName = Release;
		};
		7B8DD0401F88D3C400CD7D22 /* Build configuration list for PBXNativeTarget "booknoteUITests" */ = {
			isa = XCConfigurationList;
			buildConfigurations = (
				7B8DD0411F88D3C400CD7D22 /* Debug */,
				7B8DD0421F88D3C400CD7D22 /* Release */,
			);
			defaultConfigurationIsVisible = 0;
			defaultConfigurationName = Release;
		};
/* End XCConfigurationList section */
	};
	rootObject = 7B8DD00A1F88D3C400CD7D22 /* Project object */;
}
